{
  "pins" : [
    {
      "identity" : "voiceactivitydetector",
      "kind" : "remoteSourceControl",
      "location" : "https://github.com/dn36772386/VoiceActivityDetector.git",
      "state" : {
        "branch" : "master",
        "revision" : "c6687ff072ecef66f86f4a21ace679bd84cf0f2c"
      }
    }
  ],
  "version" : 2
}
