{
  "pins" : [
    {
      "identity" : "libfvad",
      "kind" : "remoteSourceControl",
      "location" : "https://github.com/gfreezy/libfvad.git",
      "state" : {
        "revision" : "b685985209f19e9f94c04514e849089869b1d5d5",
        "version" : "1.0.0"
      }
    },
    {
      "identity" : "voiceactivitydetector",
      "kind" : "remoteSourceControl",
      "location" : "https://github.com/dn36772386/VoiceActivityDetector.git",
      "state" : {
        "branch" : "master",
        "revision" : "50c4583f74af4ae64ab38ec62bc3c765b635d274"
      }
    }
  ],
  "version" : 2
}
